# This file is autogenerated, do not edit; changes may be undone by the next 'dep ensure'.


[[projects]]
  digest = "1:66b8ed452b31eb9075bc53295952487c333a9cb555de57ed61f5664c058d9050"
  name = "github.com/Shopify/sarama"
  packages = ["."]
  pruneopts = "UT"
  revision = "35324cf48e33d8260e1c7c18854465a904ade249"
  version = "v1.17.0"

[[projects]]
  digest = "1:ffe9824d294da03b391f44e1ae8281281b4afc1bdaa9588c9097785e3af10cec"
  name = "github.com/davecgh/go-spew"
  packages = ["spew"]
  pruneopts = "UT"
  revision = "8991bc29aa16c548c550c7ff78260e27b9ab7c73"
  version = "v1.1.1"

[[projects]]
  digest = "1:1f0c7ab489b407a7f8f9ad16c25a504d28ab461517a971d341388a56156c1bd7"
  name = "github.com/eapache/go-resiliency"
  packages = ["breaker"]
  pruneopts = "UT"
  revision = "ea41b0fad31007accc7f806884dcdf3da98b79ce"
  version = "v1.1.0"

[[projects]]
  branch = "master"
  digest = "1:79f16588b5576b1b3cd90e48d2374cc9a1a8776862d28d8fd0f23b0e15534967"
  name = "github.com/eapache/go-xerial-snappy"
  packages = ["."]
  pruneopts = "UT"
  revision = "776d5712da21bc4762676d614db1d8a64f4238b0"

[[projects]]
  digest = "1:444b82bfe35c83bbcaf84e310fb81a1f9ece03edfed586483c869e2c046aef69"
  name = "github.com/eapache/queue"
  packages = ["."]
  pruneopts = "UT"
  revision = "44cc805cf13205b55f69e14bcb69867d1ae92f98"
  version = "v1.1.0"

[[projects]]
  digest = "1:850c49ca338a10fec2cb9e78f793043ed23965489d09e30bcc19fe29719da313"
  name = "github.com/go-sql-driver/mysql"
  packages = ["."]
  pruneopts = "UT"
  revision = "a0583e0143b1624142adab07e0e97fe106d99561"
  version = "v1.3.0"

[[projects]]
  branch = "master"
  digest = "1:4a0c6bb4805508a6287675fac876be2ac1182539ca8a32468d8128882e9d5009"
  name = "github.com/golang/snappy"
  packages = ["."]
  pruneopts = "UT"
  revision = "2e65f85255dbc3072edf28d6b5b8efc472979f5a"

[[projects]]
  digest = "1:cee8e8ac80df6373e7daa11baf1f98c1b6f7242c49ccae7e1ec34a971dc408d9"
  name = "github.com/gorilla/websocket"
  packages = ["."]
  pruneopts = "UT"
  revision = "3ff3320c2a1756a3691521efc290b4701575147c"
  version = "v1.3.0"

[[projects]]
  branch = "master"
  digest = "1:7654989089e5bd5b6734ec3be8b695e87d3f1f8d95620b343fd7d3995a5b60d7"
  name = "github.com/jmoiron/sqlx"
  packages = [
    ".",
    "reflectx",
  ]
  pruneopts = "UT"
  revision = "0dae4fefe7c0e190f7b5a78dac28a1c82cc8d849"

[[projects]]
  digest = "1:3e551bbb3a7c0ab2a2bf4660e7fcad16db089fdcfbb44b0199e62838038623ea"
  name = "github.com/json-iterator/go"
  packages = ["."]
  pruneopts = "UT"
  revision = "1624edc4454b8682399def8740d46db5e4362ba4"
  version = "v1.1.5"

[[projects]]
  digest = "1:ccfa094742ce1c97fd3f6481e1bf98f3d9862510eee2bc0eb56e2745396bd330"
  name = "github.com/julienschmidt/httprouter"
  packages = ["."]
  pruneopts = "UT"
  revision = "8c199fb6259ffc1af525cc3ad52ee60ba8359669"
  version = "v1.1"

[[projects]]
  branch = "master"
  digest = "1:e74fa8e635591eb1ad79e8e711bff8bea4e12e9737563daf12af325c6ea206e4"
  name = "github.com/justinas/alice"
  packages = ["."]
  pruneopts = "UT"
  revision = "03f45bd4b7dad4734bc4620e46a35789349abb20"

[[projects]]
  branch = "master"
  digest = "1:645110e089152bd0f4a011a2648fbb0e4df5977be73ca605781157ac297f50c4"
  name = "github.com/mitchellh/mapstructure"
  packages = ["."]
  pruneopts = "UT"
  revision = "fa473d140ef3c6adf42d6b391fe76707f1f243c8"

[[projects]]
  digest = "1:33422d238f147d247752996a26574ac48dcf472976eda7f5134015f06bf16563"
  name = "github.com/modern-go/concurrent"
  packages = ["."]
  pruneopts = "UT"
  revision = "bacd9c7ef1dd9b15be4a9909b8ac7a4e313eec94"
  version = "1.0.3"

[[projects]]
  digest = "1:e32bdbdb7c377a07a9a46378290059822efdce5c8d96fe71940d87cb4f918855"
  name = "github.com/modern-go/reflect2"
  packages = ["."]
  pruneopts = "UT"
  revision = "4b7aa43c6742a2c18fdef89dd197aaae7dac7ccd"
  version = "1.0.1"

[[projects]]
  digest = "1:492451618533cdde7114081d80fbb0f2c4c5f8f538be47ff0f61bb4680322531"
  name = "github.com/parkingwang/go-conf"
  packages = ["."]
  pruneopts = "UT"
  revision = "82929e08249331e451763cc20d810929ec82896e"
  version = "v2.0.2"

[[projects]]
  digest = "1:3e4432a6c9f9b4093039e06097f90777b6e96026eb04f2e67702f4aa41c2361c"
  name = "github.com/parkingwang/go-sign"
  packages = ["."]
  pruneopts = "UT"
  revision = "e6eac8c17d328ac4b4bcfc429a4703a8474a549d"
  version = "v1.0.2"

[[projects]]
  digest = "1:95741de3af260a92cc5c7f3f3061e85273f5a81b5db20d4bd68da74bd521675e"
  name = "github.com/pelletier/go-toml"
  packages = ["."]
  pruneopts = "UT"
  revision = "c01d1270ff3e442a8a57cddc1c92dc1138598194"
  version = "v1.2.0"

[[projects]]
  digest = "1:d381414e3fb235fd48ede666eee8e717e5a995762d15e9c159b3ef8cc5cce7e4"
  name = "github.com/pierrec/lz4"
  packages = [
    ".",
    "internal/xxh32",
  ]
  pruneopts = "UT"
  revision = "ea731401f5c95a8ba30f15787e5e0fb77c60c66b"
  version = "v2.0.4"

[[projects]]
  digest = "1:40e195917a951a8bf867cd05de2a46aaf1806c50cf92eebf4c16f78cd196f747"
  name = "github.com/pkg/errors"
  packages = ["."]
  pruneopts = "UT"
  revision = "645ef00459ed84a119197bfb8d8205042c6df63d"
  version = "v0.8.0"

[[projects]]
  branch = "master"
  digest = "1:c4556a44e350b50a490544d9b06e9fba9c286c21d6c0e47f54f3a9214597298c"
  name = "github.com/rcrowley/go-metrics"
  packages = ["."]
  pruneopts = "UT"
  revision = "e2704e165165ec55d062f5919b4b29494e9fa790"

[[projects]]
  digest = "1:d823cf8863c515f10fe9084d9688e8cf01084fd83dd11bcb67e13162c30b3a4a"
  name = "github.com/rs/zerolog"
  packages = [
    ".",
    "internal/cbor",
    "internal/json",
    "log",
  ]
  pruneopts = "UT"
  revision = "77db4b4f350e31be66a57c332acb7721cf9ff9bb"
  version = "v1.8.0"

[[projects]]
  digest = "1:0a2b90ef6773f0f151b38243c2b89dbee4063ecbcdc5aa3faecfcca22cac003a"
  name = "github.com/yoojia/go-goes"
  packages = ["."]
  pruneopts = "UT"
  revision = "373564bec2fdacc4917db98adb07d71e5d11e972"
  version = "0.1.1"

[[projects]]
  digest = "1:1a98a1a5e9a6635253fa62c29afed5fe50af8a8d1e60261f2afcf004c8c85e57"
  name = "github.com/yoojia/go-http"
  packages = ["."]
  pruneopts = "UT"
  revision = "37ac4bc567c092affb7889ae7a41239ed9fcebf7"
  version = "v1.0.1"

[[projects]]
  digest = "1:1288ad22bc8cdcf22af77192f67406b07dca26bc80c2a885d23bf651aba574b8"
  name = "github.com/yoojia/go-jsonx"
  packages = ["."]
  pruneopts = "UT"
  revision = "7f6aba2652c731c55b26c543c9d9a60775ad6248"
  version = "v1.1.1"

[[projects]]
  digest = "1:cf69ebc93eae819fef649f0957fb1b93a156d92ca796a5f9d73517dfbca3eff1"
  name = "github.com/yoojia/go-pid"
  packages = ["."]
  pruneopts = "UT"
  revision = "fd0603b4306e49fc866d26b238a2ecc5112b90e5"
  version = "1.0.1"

[[projects]]
  digest = "1:c47ff436e8ac3aaa3e56baf7a38a9c9d7b54cf6b4cc11ea16ba84d6f2096f830"
  name = "github.com/yoojia/go-realip"
  packages = ["."]
  pruneopts = "UT"
  revision = "b0ca8359d393596308cfa2cf9711b414feb5b00f"
  version = "v1.0.0"

[[projects]]
  digest = "1:72b0826890243ed9bf9f1e3bc0ec9ab2f77e37ed985f4f220824f66f4e788b2b"
  name = "github.com/yoojia/go-ttlmap"
  packages = ["."]
  pruneopts = "UT"
  revision = "05bb9719640604977036f209d482c90af4d329b1"
  version = "v0.0.1"

[[projects]]
  branch = "master"
  digest = "1:c3d57ce7a6b4c8bb8b02534a9123e1126ad8ee5d0c8ebc060a743c9d5da17b04"
  name = "github.com/yoojia/go-unit"
  packages = ["."]
  pruneopts = "UT"
  revision = "43a6c7af2f13ccb03fb22ce3ab90824f63284ccd"

[solve-meta]
  analyzer-name = "dep"
  analyzer-version = 1
  input-imports = [
    "github.com/Shopify/sarama",
    "github.com/go-sql-driver/mysql",
    "github.com/gorilla/websocket",
    "github.com/jmoiron/sqlx",
    "github.com/json-iterator/go",
    "github.com/julienschmidt/httprouter",
    "github.com/parkingwang/go-conf",
    "github.com/parkingwang/go-sign",
    "github.com/pelletier/go-toml",
    "github.com/pkg/errors",
    "github.com/rs/zerolog",
    "github.com/rs/zerolog/log",
    "github.com/yoojia/go-goes",
    "github.com/yoojia/go-http",
    "github.com/yoojia/go-jsonx",
    "github.com/yoojia/go-pid",
    "github.com/yoojia/go-realip",
    "github.com/yoojia/go-ttlmap",
    "github.com/yoojia/go-unit",
  ]
  solver-name = "gps-cdcl"
  solver-version = 1
